
Microsoft Visual Studio Solution File, Format Version 12.00
# Visual Studio Version 16
VisualStudioVersion = 16.0.29709.97
MinimumVisualStudioVersion = 10.0.40219.1
Project("{8BC9CEB8-8B4A-11D0-8D11-00A0C91BC942}") = "EAS-prg5-Triangle", "EAS-prg5-Triangle\EAS-prg5-Triangle.vcxproj", "{C3652ECB-CC51-4D44-9D69-FDDE8010D14A}"
EndProject
Global
	GlobalSection(SolutionConfigurationPlatforms) = preSolution
		Debug|x64 = Debug|x64
		Debug|x86 = Debug|x86
		Release|x64 = Release|x64
		Release|x86 = Release|x86
	EndGlobalSection
	GlobalSection(ProjectConfigurationPlatforms) = postSolution
		{C3652ECB-CC51-4D44-9D69-FDDE8010D14A}.Debug|x64.ActiveCfg = Debug|x64
		{C3652ECB-CC51-4D44-9D69-FDDE8010D14A}.Debug|x64.Build.0 = Debug|x64
		{C3652ECB-CC51-4D44-9D69-FDDE8010D14A}.Debug|x86.ActiveCfg = Debug|Win32
		{C3652ECB-CC51-4D44-9D69-FDDE8010D14A}.Debug|x86.Build.0 = Debug|Win32
		{C3652ECB-CC51-4D44-9D69-FDDE8010D14A}.Release|x64.ActiveCfg = Release|x64
		{C3652ECB-CC51-4D44-9D69-FDDE8010D14A}.Release|x64.Build.0 = Release|x64
		{C3652ECB-CC51-4D44-9D69-FDDE8010D14A}.Release|x86.ActiveCfg = Release|Win32
		{C3652ECB-CC51-4D44-9D69-FDDE8010D14A}.Release|x86.Build.0 = Release|Win32
	EndGlobalSection
	GlobalSection(SolutionProperties) = preSolution
		HideSolutionNode = FALSE
	EndGlobalSection
	GlobalSection(ExtensibilityGlobals) = postSolution
		SolutionGuid = {A4E7FF98-F790-4EE9-A23C-0378F0167B94}
	EndGlobalSection
EndGlobal
